
Microsoft Visual Studio Solution File, Format Version 12.00
# Visual Studio Version 17
VisualStudioVersion = 17.7.34031.279
MinimumVisualStudioVersion = 10.0.40219.1
Project("{FAE04EC0-301F-11D3-BF4B-00C04F79EFBC}") = "FruitApp", "FruitApp\FruitApp.csproj", "{0032D659-69F3-433E-8256-58E7C0E94F64}"
EndProject
Global
	GlobalSection(SolutionConfigurationPlatforms) = preSolution
		Debug|Any CPU = Debug|Any CPU
		Release|Any CPU = Release|Any CPU
	EndGlobalSection
	GlobalSection(ProjectConfigurationPlatforms) = postSolution
		{0032D659-69F3-433E-8256-58E7C0E94F64}.Debug|Any CPU.ActiveCfg = Debug|Any CPU
		{0032D659-69F3-433E-8256-58E7C0E94F64}.Debug|Any CPU.Build.0 = Debug|Any CPU
		{0032D659-69F3-433E-8256-58E7C0E94F64}.Debug|Any CPU.Deploy.0 = Debug|Any CPU
		{0032D659-69F3-433E-8256-58E7C0E94F64}.Release|Any CPU.ActiveCfg = Release|Any CPU
		{0032D659-69F3-433E-8256-58E7C0E94F64}.Release|Any CPU.Build.0 = Release|Any CPU
		{0032D659-69F3-433E-8256-58E7C0E94F64}.Release|Any CPU.Deploy.0 = Release|Any CPU
	EndGlobalSection
	GlobalSection(SolutionProperties) = preSolution
		HideSolutionNode = FALSE
	EndGlobalSection
	GlobalSection(ExtensibilityGlobals) = postSolution
		SolutionGuid = {F5F21AB7-C31C-4E96-BC71-37342BD51EBD}
	EndGlobalSection
EndGlobal
